
Microsoft Visual Studio Solution File, Format Version 12.00
# Visual Studio Version 17
VisualStudioVersion = 17.14.36310.24
MinimumVisualStudioVersion = 10.0.40219.1
Project("{FAE04EC0-301F-11D3-BF4B-00C04F79EFBC}") = "Sundew.Xaml.Controls.Wpf", "Sundew.Xaml.Controls.Wpf\Sundew.Xaml.Controls.Wpf.csproj", "{D7102F43-61F9-4A5A-89A9-0DAE06C881F6}"
EndProject
Project("{FAE04EC0-301F-11D3-BF4B-00C04F79EFBC}") = "Sundew.Xaml.Controls.Wpf.Tester", "Sundew.Xaml.Controls.Wpf.Tester\Sundew.Xaml.Controls.Wpf.Tester.csproj", "{F8F88FD7-4981-4978-B034-5896F47DF86F}"
EndProject
Project("{2150E333-8FDC-42A3-9474-1A3956D46DE8}") = "SolutionItems", "SolutionItems", "{02EA681E-C7D8-13C7-8484-4AC65E1B71E8}"
	ProjectSection(SolutionItems) = preProject
		.editorconfig = .editorconfig
		Directory.Build.props = Directory.Build.props
		Directory.Build.targets = Directory.Build.targets
		..\.github\workflows\dotnet.yml = ..\.github\workflows\dotnet.yml
	EndProjectSection
EndProject
Global
	GlobalSection(SolutionConfigurationPlatforms) = preSolution
		Debug|Any CPU = Debug|Any CPU
		Release|Any CPU = Release|Any CPU
	EndGlobalSection
	GlobalSection(ProjectConfigurationPlatforms) = postSolution
		{D7102F43-61F9-4A5A-89A9-0DAE06C881F6}.Debug|Any CPU.ActiveCfg = Debug|Any CPU
		{D7102F43-61F9-4A5A-89A9-0DAE06C881F6}.Debug|Any CPU.Build.0 = Debug|Any CPU
		{D7102F43-61F9-4A5A-89A9-0DAE06C881F6}.Release|Any CPU.ActiveCfg = Release|Any CPU
		{D7102F43-61F9-4A5A-89A9-0DAE06C881F6}.Release|Any CPU.Build.0 = Release|Any CPU
		{F8F88FD7-4981-4978-B034-5896F47DF86F}.Debug|Any CPU.ActiveCfg = Debug|Any CPU
		{F8F88FD7-4981-4978-B034-5896F47DF86F}.Debug|Any CPU.Build.0 = Debug|Any CPU
		{F8F88FD7-4981-4978-B034-5896F47DF86F}.Release|Any CPU.ActiveCfg = Release|Any CPU
		{F8F88FD7-4981-4978-B034-5896F47DF86F}.Release|Any CPU.Build.0 = Release|Any CPU
	EndGlobalSection
	GlobalSection(SolutionProperties) = preSolution
		HideSolutionNode = FALSE
	EndGlobalSection
	GlobalSection(ExtensibilityGlobals) = postSolution
		SolutionGuid = {BAC7FDB6-9906-4582-A8F9-1E3E017C2143}
	EndGlobalSection
EndGlobal
